<Solution>
  <Folder Name="/src/">
    <Project Path="src/WebCRM.Core/WebCRM.Core.csproj" />
    <Project Path="src/WebCRM.Data/WebCRM.Data.csproj" />
    <Project Path="src/WebCRM.DemoData/WebCRM.DemoData.csproj" />
    <Project Path="src/WebCRM.Web/WebCRM.Web.csproj" />
  </Folder>
  <Folder Name="/tests/">
    <Project Path="tests/WebCRM.Core.Tests/WebCRM.Core.Tests.csproj" />
    <Project Path="tests/WebCRM.Data.Tests/WebCRM.Data.Tests.csproj" />
    <Project Path="tests/WebCRM.Web.Tests/WebCRM.Web.Tests.csproj" />
  </Folder>
</Solution>
